// !$*UTF8*$!
{
	archiveVersion = 1;
	classes = {
	};
	objectVersion = 46;
	objects = {

/* Begin PBXBuildFile section */
		3F1B700C1DE7B843001FA759 /* AppDelegate.swift in Sources */ = {isa = PBXBuildFile; fileRef = 3F1B700B1DE7B843001FA759 /* AppDelegate.swift */; };
		3F1B700E1DE7B843001FA759 /* ViewController.swift in Sources */ = {isa = PBXBuildFile; fileRef = 3F1B700D1DE7B843001FA759 /* ViewController.swift */; };
		3F1B70111DE7B843001FA759 /* Main.storyboard in Resources */ = {isa = PBXBuildFile; fileRef = 3F1B700F1DE7B843001FA759 /* Main.storyboard */; };
		3F1B70131DE7B843001FA759 /* Assets.xcassets in Resources */ = {isa = PBXBuildFile; fileRef = 3F1B70121DE7B843001FA759 /* Assets.xcassets */; };
		3F1B70161DE7B843001FA759 /* LaunchScreen.storyboard in Resources */ = {isa = PBXBuildFile; fileRef = 3F1B70141DE7B843001FA759 /* LaunchScreen.storyboard */; };
		3F34FDBE1DF0A612001915A3 /* StandarBannerViewController.swift in Sources */ = {isa = PBXBuildFile; fileRef = 3F34FDBD1DF0A612001915A3 /* StandarBannerViewController.swift */; };
		3F34FDC01DF0A693001915A3 /* LargeBannerViewController.swift in Sources */ = {isa = PBXBuildFile; fileRef = 3F34FDBF1DF0A693001915A3 /* LargeBannerViewController.swift */; };
		3F34FDC21DF0A6A7001915A3 /* SmartBannerViewController.swift in Sources */ = {isa = PBXBuildFile; fileRef = 3F34FDC11DF0A6A7001915A3 /* SmartBannerViewController.swift */; };
		3F34FDC41DF0BA48001915A3 /* MediumBannerViewController.swift in Sources */ = {isa = PBXBuildFile; fileRef = 3F34FDC31DF0BA48001915A3 /* MediumBannerViewController.swift */; };
		3F5EF5A51DE89FEF00D98548 /* GoogleService-Info.plist in Resources */ = {isa = PBXBuildFile; fileRef = 3F5EF5A41DE89FEF00D98548 /* GoogleService-Info.plist */; };
		3F5EF5A81DE9061600D98548 /* WebViewController.swift in Sources */ = {isa = PBXBuildFile; fileRef = 3F5EF5A71DE9061600D98548 /* WebViewController.swift */; };
		3F68620C1DED01B8009B002E /* VungleSDK.embeddedframework in Resources */ = {isa = PBXBuildFile; fileRef = 3F68620B1DED01B8009B002E /* VungleSDK.embeddedframework */; };
		3F68620E1DED01FB009B002E /* AdSupport.framework in Frameworks */ = {isa = PBXBuildFile; fileRef = 3F68620D1DED01FB009B002E /* AdSupport.framework */; };
		3F6862101DED0204009B002E /* AudioToolbox.framework in Frameworks */ = {isa = PBXBuildFile; fileRef = 3F68620F1DED0204009B002E /* AudioToolbox.framework */; };
		3F6862121DED020D009B002E /* AVFoundation.framework in Frameworks */ = {isa = PBXBuildFile; fileRef = 3F6862111DED020D009B002E /* AVFoundation.framework */; };
		3F6862141DED0216009B002E /* CFNetwork.framework in Frameworks */ = {isa = PBXBuildFile; fileRef = 3F6862131DED0216009B002E /* CFNetwork.framework */; };
		3F6862171DED022B009B002E /* CoreGraphics.framework in Frameworks */ = {isa = PBXBuildFile; fileRef = 3F6862151DED022B009B002E /* CoreGraphics.framework */; };
		3F6862181DED022B009B002E /* CoreMedia.framework in Frameworks */ = {isa = PBXBuildFile; fileRef = 3F6862161DED022B009B002E /* CoreMedia.framework */; };
		3F68621A1DED0240009B002E /* Foundation.framework in Frameworks */ = {isa = PBXBuildFile; fileRef = 3F6862191DED0240009B002E /* Foundation.framework */; };
		3F68621C1DED027C009B002E /* MediaPlayer.framework in Frameworks */ = {isa = PBXBuildFile; fileRef = 3F68621B1DED027C009B002E /* MediaPlayer.framework */; };
		3F68621F1DED0290009B002E /* QuartzCore.framework in Frameworks */ = {isa = PBXBuildFile; fileRef = 3F68621D1DED0290009B002E /* QuartzCore.framework */; };
		3F6862201DED0290009B002E /* StoreKit.framework in Frameworks */ = {isa = PBXBuildFile; fileRef = 3F68621E1DED0290009B002E /* StoreKit.framework */; };
		3F6862231DED029D009B002E /* SystemConfiguration.framework in Frameworks */ = {isa = PBXBuildFile; fileRef = 3F6862211DED029D009B002E /* SystemConfiguration.framework */; };
		3F6862241DED029D009B002E /* UIKit.framework in Frameworks */ = {isa = PBXBuildFile; fileRef = 3F6862221DED029D009B002E /* UIKit.framework */; };
		3F6862261DED02A7009B002E /* WebKit.framework in Frameworks */ = {isa = PBXBuildFile; fileRef = 3F6862251DED02A7009B002E /* WebKit.framework */; settings = {ATTRIBUTES = (Weak, ); }; };
		3F6862291DED0335009B002E /* libsqlite3.dylib in Frameworks */ = {isa = PBXBuildFile; fileRef = 3F6862271DED0335009B002E /* libsqlite3.dylib */; };
		3F68622A1DED0335009B002E /* libz.1.dylib in Frameworks */ = {isa = PBXBuildFile; fileRef = 3F6862281DED0335009B002E /* libz.1.dylib */; };
		3F68622C1DED036C009B002E /* VungleSDK.framework in Frameworks */ = {isa = PBXBuildFile; fileRef = 3F68622B1DED036C009B002E /* VungleSDK.framework */; };
		3F760E2C1DEE3ABB00D1FD2D /* libVungleAdapter.a in Frameworks */ = {isa = PBXBuildFile; fileRef = 3F760E2A1DEE3ABB00D1FD2D /* libVungleAdapter.a */; };
		3F760E2E1DEE4B9700D1FD2D /* BannerSizeViewController.swift in Sources */ = {isa = PBXBuildFile; fileRef = 3F760E2D1DEE4B9700D1FD2D /* BannerSizeViewController.swift */; };
		3FEC48991DE7C132004FE3E9 /* BannerAdViewController.swift in Sources */ = {isa = PBXBuildFile; fileRef = 3FEC48981DE7C132004FE3E9 /* BannerAdViewController.swift */; };
		3FEC489B1DE7C142004FE3E9 /* IntersitialAdViewController.swift in Sources */ = {isa = PBXBuildFile; fileRef = 3FEC489A1DE7C142004FE3E9 /* IntersitialAdViewController.swift */; };
		3FEC489D1DE7C151004FE3E9 /* NativeAdViewController.swift in Sources */ = {isa = PBXBuildFile; fileRef = 3FEC489C1DE7C151004FE3E9 /* NativeAdViewController.swift */; };
		3FEC489F1DE7C167004FE3E9 /* RewardedVideoViewController.swift in Sources */ = {isa = PBXBuildFile; fileRef = 3FEC489E1DE7C167004FE3E9 /* RewardedVideoViewController.swift */; };
		CFED8F53F8CA6428FE322A61 /* Pods_iosAdMob.framework in Frameworks */ = {isa = PBXBuildFile; fileRef = 6839161A9E4DC4E510699200 /* Pods_iosAdMob.framework */; };
/* End PBXBuildFile section */

/* Begin PBXFileReference section */
		3F1B70081DE7B843001FA759 /* iosAdMob.app */ = {isa = PBXFileReference; explicitFileType = wrapper.application; includeInIndex = 0; path = iosAdMob.app; sourceTree = BUILT_PRODUCTS_DIR; };
		3F1B700B1DE7B843001FA759 /* AppDelegate.swift */ = {isa = PBXFileReference; lastKnownFileType = sourcecode.swift; path = AppDelegate.swift; sourceTree = "<group>"; };
		3F1B700D1DE7B843001FA759 /* ViewController.swift */ = {isa = PBXFileReference; lastKnownFileType = sourcecode.swift; path = ViewController.swift; sourceTree = "<group>"; };
		3F1B70101DE7B843001FA759 /* Base */ = {isa = PBXFileReference; lastKnownFileType = file.storyboard; name = Base; path = Base.lproj/Main.storyboard; sourceTree = "<group>"; };
		3F1B70121DE7B843001FA759 /* Assets.xcassets */ = {isa = PBXFileReference; lastKnownFileType = folder.assetcatalog; path = Assets.xcassets; sourceTree = "<group>"; };
		3F1B70151DE7B843001FA759 /* Base */ = {isa = PBXFileReference; lastKnownFileType = file.storyboard; name = Base; path = Base.lproj/LaunchScreen.storyboard; sourceTree = "<group>"; };
		3F1B70171DE7B844001FA759 /* Info.plist */ = {isa = PBXFileReference; lastKnownFileType = text.plist.xml; path = Info.plist; sourceTree = "<group>"; };
		3F34FDBD1DF0A612001915A3 /* StandarBannerViewController.swift */ = {isa = PBXFileReference; fileEncoding = 4; lastKnownFileType = sourcecode.swift; path = StandarBannerViewController.swift; sourceTree = "<group>"; };
		3F34FDBF1DF0A693001915A3 /* LargeBannerViewController.swift */ = {isa = PBXFileReference; fileEncoding = 4; lastKnownFileType = sourcecode.swift; path = LargeBannerViewController.swift; sourceTree = "<group>"; };
		3F34FDC11DF0A6A7001915A3 /* SmartBannerViewController.swift */ = {isa = PBXFileReference; fileEncoding = 4; lastKnownFileType = sourcecode.swift; path = SmartBannerViewController.swift; sourceTree = "<group>"; };
		3F34FDC31DF0BA48001915A3 /* MediumBannerViewController.swift */ = {isa = PBXFileReference; fileEncoding = 4; lastKnownFileType = sourcecode.swift; path = MediumBannerViewController.swift; sourceTree = "<group>"; };
		3F5EF5A41DE89FEF00D98548 /* GoogleService-Info.plist */ = {isa = PBXFileReference; fileEncoding = 4; lastKnownFileType = text.plist.xml; path = "GoogleService-Info.plist"; sourceTree = "<group>"; };
		3F5EF5A61DE8A26A00D98548 /* iosAdMob.entitlements */ = {isa = PBXFileReference; lastKnownFileType = text.plist.entitlements; path = iosAdMob.entitlements; sourceTree = "<group>"; };
		3F5EF5A71DE9061600D98548 /* WebViewController.swift */ = {isa = PBXFileReference; fileEncoding = 4; lastKnownFileType = sourcecode.swift; path = WebViewController.swift; sourceTree = "<group>"; };
		3F68620B1DED01B8009B002E /* VungleSDK.embeddedframework */ = {isa = PBXFileReference; lastKnownFileType = folder; path = VungleSDK.embeddedframework; sourceTree = "<group>"; };
		3F68620D1DED01FB009B002E /* AdSupport.framework */ = {isa = PBXFileReference; lastKnownFileType = wrapper.framework; name = AdSupport.framework; path = System/Library/Frameworks/AdSupport.framework; sourceTree = SDKROOT; };
		3F68620F1DED0204009B002E /* AudioToolbox.framework */ = {isa = PBXFileReference; lastKnownFileType = wrapper.framework; name = AudioToolbox.framework; path = System/Library/Frameworks/AudioToolbox.framework; sourceTree = SDKROOT; };
		3F6862111DED020D009B002E /* AVFoundation.framework */ = {isa = PBXFileReference; lastKnownFileType = wrapper.framework; name = AVFoundation.framework; path = System/Library/Frameworks/AVFoundation.framework; sourceTree = SDKROOT; };
		3F6862131DED0216009B002E /* CFNetwork.framework */ = {isa = PBXFileReference; lastKnownFileType = wrapper.framework; name = CFNetwork.framework; path = System/Library/Frameworks/CFNetwork.framework; sourceTree = SDKROOT; };
		3F6862151DED022B009B002E /* CoreGraphics.framework */ = {isa = PBXFileReference; lastKnownFileType = wrapper.framework; name = CoreGraphics.framework; path = System/Library/Frameworks/CoreGraphics.framework; sourceTree = SDKROOT; };
		3F6862161DED022B009B002E /* CoreMedia.framework */ = {isa = PBXFileReference; lastKnownFileType = wrapper.framework; name = CoreMedia.framework; path = System/Library/Frameworks/CoreMedia.framework; sourceTree = SDKROOT; };
		3F6862191DED0240009B002E /* Foundation.framework */ = {isa = PBXFileReference; lastKnownFileType = wrapper.framework; name = Foundation.framework; path = System/Library/Frameworks/Foundation.framework; sourceTree = SDKROOT; };
		3F68621B1DED027C009B002E /* MediaPlayer.framework */ = {isa = PBXFileReference; lastKnownFileType = wrapper.framework; name = MediaPlayer.framework; path = System/Library/Frameworks/MediaPlayer.framework; sourceTree = SDKROOT; };
		3F68621D1DED0290009B002E /* QuartzCore.framework */ = {isa = PBXFileReference; lastKnownFileType = wrapper.framework; name = QuartzCore.framework; path = System/Library/Frameworks/QuartzCore.framework; sourceTree = SDKROOT; };
		3F68621E1DED0290009B002E /* StoreKit.framework */ = {isa = PBXFileReference; lastKnownFileType = wrapper.framework; name = StoreKit.framework; path = System/Library/Frameworks/StoreKit.framework; sourceTree = SDKROOT; };
		3F6862211DED029D009B002E /* SystemConfiguration.framework */ = {isa = PBXFileReference; lastKnownFileType = wrapper.framework; name = SystemConfiguration.framework; path = System/Library/Frameworks/SystemConfiguration.framework; sourceTree = SDKROOT; };
		3F6862221DED029D009B002E /* UIKit.framework */ = {isa = PBXFileReference; lastKnownFileType = wrapper.framework; name = UIKit.framework; path = System/Library/Frameworks/UIKit.framework; sourceTree = SDKROOT; };
		3F6862251DED02A7009B002E /* WebKit.framework */ = {isa = PBXFileReference; lastKnownFileType = wrapper.framework; name = WebKit.framework; path = System/Library/Frameworks/WebKit.framework; sourceTree = SDKROOT; };
		3F6862271DED0335009B002E /* libsqlite3.dylib */ = {isa = PBXFileReference; lastKnownFileType = "compiled.mach-o.dylib"; name = libsqlite3.dylib; path = ../../../../../../usr/lib/libsqlite3.dylib; sourceTree = "<group>"; };
		3F6862281DED0335009B002E /* libz.1.dylib */ = {isa = PBXFileReference; lastKnownFileType = "compiled.mach-o.dylib"; name = libz.1.dylib; path = ../../../../../../usr/lib/libz.1.dylib; sourceTree = "<group>"; };
		3F68622B1DED036C009B002E /* VungleSDK.framework */ = {isa = PBXFileReference; lastKnownFileType = wrapper.framework; name = VungleSDK.framework; path = VungleSDK.embeddedframework/VungleSDK.framework; sourceTree = "<group>"; };
		3F68622D1DED04B0009B002E /* iosAdMob-Bridging-Header.h */ = {isa = PBXFileReference; lastKnownFileType = sourcecode.c.h; path = "iosAdMob-Bridging-Header.h"; sourceTree = "<group>"; };
		3F760E2A1DEE3ABB00D1FD2D /* libVungleAdapter.a */ = {isa = PBXFileReference; lastKnownFileType = archive.ar; path = libVungleAdapter.a; sourceTree = "<group>"; };
		3F760E2B1DEE3ABB00D1FD2D /* VungleAdNetworkExtras.h */ = {isa = PBXFileReference; fileEncoding = 4; lastKnownFileType = sourcecode.c.h; path = VungleAdNetworkExtras.h; sourceTree = "<group>"; };
		3F760E2D1DEE4B9700D1FD2D /* BannerSizeViewController.swift */ = {isa = PBXFileReference; fileEncoding = 4; lastKnownFileType = sourcecode.swift; path = BannerSizeViewController.swift; sourceTree = "<group>"; };
		3FEC48981DE7C132004FE3E9 /* BannerAdViewController.swift */ = {isa = PBXFileReference; fileEncoding = 4; lastKnownFileType = sourcecode.swift; path = BannerAdViewController.swift; sourceTree = "<group>"; };
		3FEC489A1DE7C142004FE3E9 /* IntersitialAdViewController.swift */ = {isa = PBXFileReference; fileEncoding = 4; lastKnownFileType = sourcecode.swift; path = IntersitialAdViewController.swift; sourceTree = "<group>"; };
		3FEC489C1DE7C151004FE3E9 /* NativeAdViewController.swift */ = {isa = PBXFileReference; fileEncoding = 4; lastKnownFileType = sourcecode.swift; path = NativeAdViewController.swift; sourceTree = "<group>"; };
		3FEC489E1DE7C167004FE3E9 /* RewardedVideoViewController.swift */ = {isa = PBXFileReference; fileEncoding = 4; lastKnownFileType = sourcecode.swift; path = RewardedVideoViewController.swift; sourceTree = "<group>"; };
		6839161A9E4DC4E510699200 /* Pods_iosAdMob.framework */ = {isa = PBXFileReference; explicitFileType = wrapper.framework; includeInIndex = 0; path = Pods_iosAdMob.framework; sourceTree = BUILT_PRODUCTS_DIR; };
		A7846EC710CCE9DB4EA087A6 /* Pods-iosAdMob.debug.xcconfig */ = {isa = PBXFileReference; includeInIndex = 1; lastKnownFileType = text.xcconfig; name = "Pods-iosAdMob.debug.xcconfig"; path = "Pods/Target Support Files/Pods-iosAdMob/Pods-iosAdMob.debug.xcconfig"; sourceTree = "<group>"; };
		C000029FF0A99C81422EF3F8 /* Pods-iosAdMob.release.xcconfig */ = {isa = PBXFileReference; includeInIndex = 1; lastKnownFileType = text.xcconfig; name = "Pods-iosAdMob.release.xcconfig"; path = "Pods/Target Support Files/Pods-iosAdMob/Pods-iosAdMob.release.xcconfig"; sourceTree = "<group>"; };
/* End PBXFileReference section */

/* Begin PBXFrameworksBuildPhase section */
		3F1B70051DE7B843001FA759 /* Frameworks */ = {
			isa = PBXFrameworksBuildPhase;
			buildActionMask = 2147483647;
			files = (
				3F68622C1DED036C009B002E /* VungleSDK.framework in Frameworks */,
				3F6862291DED0335009B002E /* libsqlite3.dylib in Frameworks */,
				3F68622A1DED0335009B002E /* libz.1.dylib in Frameworks */,
				3F6862261DED02A7009B002E /* WebKit.framework in Frameworks */,
				3F6862231DED029D009B002E /* SystemConfiguration.framework in Frameworks */,
				3F6862241DED029D009B002E /* UIKit.framework in Frameworks */,
				3F68621F1DED0290009B002E /* QuartzCore.framework in Frameworks */,
				3F6862201DED0290009B002E /* StoreKit.framework in Frameworks */,
				3F68621C1DED027C009B002E /* MediaPlayer.framework in Frameworks */,
				3F68621A1DED0240009B002E /* Foundation.framework in Frameworks */,
				3F6862171DED022B009B002E /* CoreGraphics.framework in Frameworks */,
				3F6862181DED022B009B002E /* CoreMedia.framework in Frameworks */,
				3F760E2C1DEE3ABB00D1FD2D /* libVungleAdapter.a in Frameworks */,
				3F6862141DED0216009B002E /* CFNetwork.framework in Frameworks */,
				3F6862121DED020D009B002E /* AVFoundation.framework in Frameworks */,
				3F6862101DED0204009B002E /* AudioToolbox.framework in Frameworks */,
				3F68620E1DED01FB009B002E /* AdSupport.framework in Frameworks */,
				CFED8F53F8CA6428FE322A61 /* Pods_iosAdMob.framework in Frameworks */,
			);
			runOnlyForDeploymentPostprocessing = 0;
		};
/* End PBXFrameworksBuildPhase section */

/* Begin PBXGroup section */
		0F835217C592EF7B2448E75C /* Pods */ = {
			isa = PBXGroup;
			children = (
				A7846EC710CCE9DB4EA087A6 /* Pods-iosAdMob.debug.xcconfig */,
				C000029FF0A99C81422EF3F8 /* Pods-iosAdMob.release.xcconfig */,
			);
			name = Pods;
			sourceTree = "<group>";
		};
		3F1B6FFF1DE7B843001FA759 = {
			isa = PBXGroup;
			children = (
				3F1B700A1DE7B843001FA759 /* iosAdMob */,
				3F1B70091DE7B843001FA759 /* Products */,
				6672EB62D3497EACED522083 /* Frameworks */,
				3F68622D1DED04B0009B002E /* iosAdMob-Bridging-Header.h */,
				0F835217C592EF7B2448E75C /* Pods */,
			);
			sourceTree = "<group>";
		};
		3F1B70091DE7B843001FA759 /* Products */ = {
			isa = PBXGroup;
			children = (
				3F1B70081DE7B843001FA759 /* iosAdMob.app */,
			);
			name = Products;
			sourceTree = "<group>";
		};
		3F1B700A1DE7B843001FA759 /* iosAdMob */ = {
			isa = PBXGroup;
			children = (
				3F760E291DEE3AAC00D1FD2D /* Mediation */,
				3F5EF5A61DE8A26A00D98548 /* iosAdMob.entitlements */,
				3F5EF5A41DE89FEF00D98548 /* GoogleService-Info.plist */,
				3F1B700B1DE7B843001FA759 /* AppDelegate.swift */,
				3F1B700D1DE7B843001FA759 /* ViewController.swift */,
				3F1B700F1DE7B843001FA759 /* Main.storyboard */,
				3F1B70121DE7B843001FA759 /* Assets.xcassets */,
				3F1B70141DE7B843001FA759 /* LaunchScreen.storyboard */,
				3F1B70171DE7B844001FA759 /* Info.plist */,
				3FEC48981DE7C132004FE3E9 /* BannerAdViewController.swift */,
				3FEC489A1DE7C142004FE3E9 /* IntersitialAdViewController.swift */,
				3FEC489C1DE7C151004FE3E9 /* NativeAdViewController.swift */,
				3FEC489E1DE7C167004FE3E9 /* RewardedVideoViewController.swift */,
				3F5EF5A71DE9061600D98548 /* WebViewController.swift */,
				3F760E2D1DEE4B9700D1FD2D /* BannerSizeViewController.swift */,
				3F34FDBD1DF0A612001915A3 /* StandarBannerViewController.swift */,
				3F34FDBF1DF0A693001915A3 /* LargeBannerViewController.swift */,
				3F34FDC11DF0A6A7001915A3 /* SmartBannerViewController.swift */,
				3F34FDC31DF0BA48001915A3 /* MediumBannerViewController.swift */,
			);
			path = iosAdMob;
			sourceTree = "<group>";
		};
		3F760E291DEE3AAC00D1FD2D /* Mediation */ = {
			isa = PBXGroup;
			children = (
				3F760E2A1DEE3ABB00D1FD2D /* libVungleAdapter.a */,
				3F760E2B1DEE3ABB00D1FD2D /* VungleAdNetworkExtras.h */,
			);
			name = Mediation;
			sourceTree = "<group>";
		};
		6672EB62D3497EACED522083 /* Frameworks */ = {
			isa = PBXGroup;
			children = (
				3F68622B1DED036C009B002E /* VungleSDK.framework */,
				3F6862271DED0335009B002E /* libsqlite3.dylib */,
				3F6862281DED0335009B002E /* libz.1.dylib */,
				3F6862251DED02A7009B002E /* WebKit.framework */,
				3F6862211DED029D009B002E /* SystemConfiguration.framework */,
				3F6862221DED029D009B002E /* UIKit.framework */,
				3F68621D1DED0290009B002E /* QuartzCore.framework */,
				3F68621E1DED0290009B002E /* StoreKit.framework */,
				3F68621B1DED027C009B002E /* MediaPlayer.framework */,
				3F6862191DED0240009B002E /* Foundation.framework */,
				3F6862151DED022B009B002E /* CoreGraphics.framework */,
				3F6862161DED022B009B002E /* CoreMedia.framework */,
				3F6862131DED0216009B002E /* CFNetwork.framework */,
				3F6862111DED020D009B002E /* AVFoundation.framework */,
				3F68620F1DED0204009B002E /* AudioToolbox.framework */,
				3F68620D1DED01FB009B002E /* AdSupport.framework */,
				3F68620B1DED01B8009B002E /* VungleSDK.embeddedframework */,
				6839161A9E4DC4E510699200 /* Pods_iosAdMob.framework */,
			);
			name = Frameworks;
			sourceTree = "<group>";
		};
/* End PBXGroup section */

/* Begin PBXNativeTarget section */
		3F1B70071DE7B843001FA759 /* iosAdMob */ = {
			isa = PBXNativeTarget;
			buildConfigurationList = 3F1B701A1DE7B844001FA759 /* Build configuration list for PBXNativeTarget "iosAdMob" */;
			buildPhases = (
				A31D81A7038AC5F0AA0CBC37 /* [CP] Check Pods Manifest.lock */,
				3F1B70041DE7B843001FA759 /* Sources */,
				3F1B70051DE7B843001FA759 /* Frameworks */,
				3F1B70061DE7B843001FA759 /* Resources */,
				4F984FAA1EFD4F1A3A8D146B /* [CP] Embed Pods Frameworks */,
				E98EEA4AD795FEB096609CFA /* [CP] Copy Pods Resources */,
				3F2A32CE1DF1F21900B23FC6 /* ShellScript */,
			);
			buildRules = (
			);
			dependencies = (
			);
			name = iosAdMob;
			productName = iosAdMob;
			productReference = 3F1B70081DE7B843001FA759 /* iosAdMob.app */;
			productType = "com.apple.product-type.application";
		};
/* End PBXNativeTarget section */

/* Begin PBXProject section */
		3F1B70001DE7B843001FA759 /* Project object */ = {
			isa = PBXProject;
			attributes = {
				LastSwiftUpdateCheck = 0810;
				LastUpgradeCheck = 0810;
				ORGANIZATIONNAME = "Rome Rock";
				TargetAttributes = {
					3F1B70071DE7B843001FA759 = {
						CreatedOnToolsVersion = 8.1;
						DevelopmentTeam = M637AR755M;
						LastSwiftMigration = 0810;
						ProvisioningStyle = Automatic;
						SystemCapabilities = {
							com.apple.Keychain = {
								enabled = 1;
							};
						};
					};
				};
			};
			buildConfigurationList = 3F1B70031DE7B843001FA759 /* Build configuration list for PBXProject "iosAdMob" */;
			compatibilityVersion = "Xcode 3.2";
			developmentRegion = English;
			hasScannedForEncodings = 0;
			knownRegions = (
				en,
				Base,
			);
			mainGroup = 3F1B6FFF1DE7B843001FA759;
			productRefGroup = 3F1B70091DE7B843001FA759 /* Products */;
			projectDirPath = "";
			projectRoot = "";
			targets = (
				3F1B70071DE7B843001FA759 /* iosAdMob */,
			);
		};
/* End PBXProject section */

/* Begin PBXResourcesBuildPhase section */
		3F1B70061DE7B843001FA759 /* Resources */ = {
			isa = PBXResourcesBuildPhase;
			buildActionMask = 2147483647;
			files = (
				3F5EF5A51DE89FEF00D98548 /* GoogleService-Info.plist in Resources */,
				3F1B70161DE7B843001FA759 /* LaunchScreen.storyboard in Resources */,
				3F1B70131DE7B843001FA759 /* Assets.xcassets in Resources */,
				3F68620C1DED01B8009B002E /* VungleSDK.embeddedframework in Resources */,
				3F1B70111DE7B843001FA759 /* Main.storyboard in Resources */,
			);
			runOnlyForDeploymentPostprocessing = 0;
		};
/* End PBXResourcesBuildPhase section */

/* Begin PBXShellScriptBuildPhase section */
		3F2A32CE1DF1F21900B23FC6 /* ShellScript */ = {
			isa = PBXShellScriptBuildPhase;
			buildActionMask = 2147483647;
			files = (
			);
			inputPaths = (
			);
			outputPaths = (
			);
			runOnlyForDeploymentPostprocessing = 0;
			shellPath = /bin/sh;
			shellScript = "\"${PODS_ROOT}/Fabric/run\" 86fe069ba50b0e638135e385737ebb6a3a748338 d3c2257bc7068a694cb5cfb2e4180035da34b00b7c2443ed849298fd3c170331";
		};
		4F984FAA1EFD4F1A3A8D146B /* [CP] Embed Pods Frameworks */ = {
			isa = PBXShellScriptBuildPhase;
			buildActionMask = 2147483647;
			files = (
			);
			inputPaths = (
			);
			name = "[CP] Embed Pods Frameworks";
			outputPaths = (
			);
			runOnlyForDeploymentPostprocessing = 0;
			shellPath = /bin/sh;
			shellScript = "\"${SRCROOT}/Pods/Target Support Files/Pods-iosAdMob/Pods-iosAdMob-frameworks.sh\"\n";
			showEnvVarsInLog = 0;
		};
		A31D81A7038AC5F0AA0CBC37 /* [CP] Check Pods Manifest.lock */ = {
			isa = PBXShellScriptBuildPhase;
			buildActionMask = 2147483647;
			files = (
			);
			inputPaths = (
			);
			name = "[CP] Check Pods Manifest.lock";
			outputPaths = (
			);
			runOnlyForDeploymentPostprocessing = 0;
			shellPath = /bin/sh;
			shellScript = "diff \"${PODS_ROOT}/../Podfile.lock\" \"${PODS_ROOT}/Manifest.lock\" > /dev/null\nif [ $? != 0 ] ; then\n    # print error to STDERR\n    echo \"error: The sandbox is not in sync with the Podfile.lock. Run 'pod install' or update your CocoaPods installation.\" >&2\n    exit 1\nfi\n";
			showEnvVarsInLog = 0;
		};
		E98EEA4AD795FEB096609CFA /* [CP] Copy Pods Resources */ = {
			isa = PBXShellScriptBuildPhase;
			buildActionMask = 2147483647;
			files = (
			);
			inputPaths = (
			);
			name = "[CP] Copy Pods Resources";
			outputPaths = (
			);
			runOnlyForDeploymentPostprocessing = 0;
			shellPath = /bin/sh;
			shellScript = "\"${SRCROOT}/Pods/Target Support Files/Pods-iosAdMob/Pods-iosAdMob-resources.sh\"\n";
			showEnvVarsInLog = 0;
		};
/* End PBXShellScriptBuildPhase section */

/* Begin PBXSourcesBuildPhase section */
		3F1B70041DE7B843001FA759 /* Sources */ = {
			isa = PBXSourcesBuildPhase;
			buildActionMask = 2147483647;
			files = (
				3FEC489D1DE7C151004FE3E9 /* NativeAdViewController.swift in Sources */,
				3F34FDC21DF0A6A7001915A3 /* SmartBannerViewController.swift in Sources */,
				3F760E2E1DEE4B9700D1FD2D /* BannerSizeViewController.swift in Sources */,
				3F34FDC01DF0A693001915A3 /* LargeBannerViewController.swift in Sources */,
				3F34FDBE1DF0A612001915A3 /* StandarBannerViewController.swift in Sources */,
				3FEC489B1DE7C142004FE3E9 /* IntersitialAdViewController.swift in Sources */,
				3F1B700E1DE7B843001FA759 /* ViewController.swift in Sources */,
				3FEC48991DE7C132004FE3E9 /* BannerAdViewController.swift in Sources */,
				3F5EF5A81DE9061600D98548 /* WebViewController.swift in Sources */,
				3FEC489F1DE7C167004FE3E9 /* RewardedVideoViewController.swift in Sources */,
				3F34FDC41DF0BA48001915A3 /* MediumBannerViewController.swift in Sources */,
				3F1B700C1DE7B843001FA759 /* AppDelegate.swift in Sources */,
			);
			runOnlyForDeploymentPostprocessing = 0;
		};
/* End PBXSourcesBuildPhase section */

/* Begin PBXVariantGroup section */
		3F1B700F1DE7B843001FA759 /* Main.storyboard */ = {
			isa = PBXVariantGroup;
			children = (
				3F1B70101DE7B843001FA759 /* Base */,
			);
			name = Main.storyboard;
			sourceTree = "<group>";
		};
		3F1B70141DE7B843001FA759 /* LaunchScreen.storyboard */ = {
			isa = PBXVariantGroup;
			children = (
				3F1B70151DE7B843001FA759 /* Base */,
			);
			name = LaunchScreen.storyboard;
			sourceTree = "<group>";
		};
/* End PBXVariantGroup section */

/* Begin XCBuildConfiguration section */
		3F1B70181DE7B844001FA759 /* Debug */ = {
			isa = XCBuildConfiguration;
			buildSettings = {
				ALWAYS_SEARCH_USER_PATHS = NO;
				CLANG_ANALYZER_NONNULL = YES;
				CLANG_CXX_LANGUAGE_STANDARD = "gnu++0x";
				CLANG_CXX_LIBRARY = "libc++";
				CLANG_ENABLE_MODULES = YES;
				CLANG_ENABLE_OBJC_ARC = YES;
				CLANG_WARN_BOOL_CONVERSION = YES;
				CLANG_WARN_CONSTANT_CONVERSION = YES;
				CLANG_WARN_DIRECT_OBJC_ISA_USAGE = YES_ERROR;
				CLANG_WARN_DOCUMENTATION_COMMENTS = YES;
				CLANG_WARN_EMPTY_BODY = YES;
				CLANG_WARN_ENUM_CONVERSION = YES;
				CLANG_WARN_INFINITE_RECURSION = YES;
				CLANG_WARN_INT_CONVERSION = YES;
				CLANG_WARN_OBJC_ROOT_CLASS = YES_ERROR;
				CLANG_WARN_SUSPICIOUS_MOVES = YES;
				CLANG_WARN_UNREACHABLE_CODE = YES;
				CLANG_WARN__DUPLICATE_METHOD_MATCH = YES;
				"CODE_SIGN_IDENTITY[sdk=iphoneos*]" = "iPhone Developer";
				COPY_PHASE_STRIP = NO;
				DEBUG_INFORMATION_FORMAT = dwarf;
				ENABLE_STRICT_OBJC_MSGSEND = YES;
				ENABLE_TESTABILITY = YES;
				GCC_C_LANGUAGE_STANDARD = gnu99;
				GCC_DYNAMIC_NO_PIC = NO;
				GCC_NO_COMMON_BLOCKS = YES;
				GCC_OPTIMIZATION_LEVEL = 0;
				GCC_PREPROCESSOR_DEFINITIONS = (
					"DEBUG=1",
					"$(inherited)",
				);
				GCC_WARN_64_TO_32_BIT_CONVERSION = YES;
				GCC_WARN_ABOUT_RETURN_TYPE = YES_ERROR;
				GCC_WARN_UNDECLARED_SELECTOR = YES;
				GCC_WARN_UNINITIALIZED_AUTOS = YES_AGGRESSIVE;
				GCC_WARN_UNUSED_FUNCTION = YES;
				GCC_WARN_UNUSED_VARIABLE = YES;
				IPHONEOS_DEPLOYMENT_TARGET = 10.1;
				MTL_ENABLE_DEBUG_INFO = YES;
				ONLY_ACTIVE_ARCH = YES;
				SDKROOT = iphoneos;
				SWIFT_ACTIVE_COMPILATION_CONDITIONS = DEBUG;
				SWIFT_OPTIMIZATION_LEVEL = "-Onone";
				TARGETED_DEVICE_FAMILY = "1,2";
			};
			name = Debug;
		};
		3F1B70191DE7B844001FA759 /* Release */ = {
			isa = XCBuildConfiguration;
			buildSettings = {
				ALWAYS_SEARCH_USER_PATHS = NO;
				CLANG_ANALYZER_NONNULL = YES;
				CLANG_CXX_LANGUAGE_STANDARD = "gnu++0x";
				CLANG_CXX_LIBRARY = "libc++";
				CLANG_ENABLE_MODULES = YES;
				CLANG_ENABLE_OBJC_ARC = YES;
				CLANG_WARN_BOOL_CONVERSION = YES;
				CLANG_WARN_CONSTANT_CONVERSION = YES;
				CLANG_WARN_DIRECT_OBJC_ISA_USAGE = YES_ERROR;
				CLANG_WARN_DOCUMENTATION_COMMENTS = YES;
				CLANG_WARN_EMPTY_BODY = YES;
				CLANG_WARN_ENUM_CONVERSION = YES;
				CLANG_WARN_INFINITE_RECURSION = YES;
				CLANG_WARN_INT_CONVERSION = YES;
				CLANG_WARN_OBJC_ROOT_CLASS = YES_ERROR;
				CLANG_WARN_SUSPICIOUS_MOVES = YES;
				CLANG_WARN_UNREACHABLE_CODE = YES;
				CLANG_WARN__DUPLICATE_METHOD_MATCH = YES;
				"CODE_SIGN_IDENTITY[sdk=iphoneos*]" = "iPhone Developer";
				COPY_PHASE_STRIP = NO;
				DEBUG_INFORMATION_FORMAT = "dwarf-with-dsym";
				ENABLE_NS_ASSERTIONS = NO;
				ENABLE_STRICT_OBJC_MSGSEND = YES;
				GCC_C_LANGUAGE_STANDARD = gnu99;
				GCC_NO_COMMON_BLOCKS = YES;
				GCC_WARN_64_TO_32_BIT_CONVERSION = YES;
				GCC_WARN_ABOUT_RETURN_TYPE = YES_ERROR;
				GCC_WARN_UNDECLARED_SELECTOR = YES;
				GCC_WARN_UNINITIALIZED_AUTOS = YES_AGGRESSIVE;
				GCC_WARN_UNUSED_FUNCTION = YES;
				GCC_WARN_UNUSED_VARIABLE = YES;
				IPHONEOS_DEPLOYMENT_TARGET = 10.1;
				MTL_ENABLE_DEBUG_INFO = NO;
				SDKROOT = iphoneos;
				SWIFT_OPTIMIZATION_LEVEL = "-Owholemodule";
				TARGETED_DEVICE_FAMILY = "1,2";
				VALIDATE_PRODUCT = YES;
			};
			name = Release;
		};
		3F1B701B1DE7B844001FA759 /* Debug */ = {
			isa = XCBuildConfiguration;
			baseConfigurationReference = A7846EC710CCE9DB4EA087A6 /* Pods-iosAdMob.debug.xcconfig */;
			buildSettings = {
				ASSETCATALOG_COMPILER_APPICON_NAME = AppIcon;
				CLANG_ENABLE_MODULES = YES;
				CODE_SIGN_ENTITLEMENTS = iosAdMob/iosAdMob.entitlements;
				DEVELOPMENT_TEAM = M637AR755M;
				FRAMEWORK_SEARCH_PATHS = (
					"$(inherited)",
					"$(PROJECT_DIR)/VungleSDK.embeddedframework",
				);
				INFOPLIST_FILE = iosAdMob/Info.plist;
				LD_RUNPATH_SEARCH_PATHS = "$(inherited) @executable_path/Frameworks";
				LIBRARY_SEARCH_PATHS = (
					"$(inherited)",
					"$(PROJECT_DIR)/iosAdMob",
				);
				PRODUCT_BUNDLE_IDENTIFIER = com.romerock.modules.iosAdMob;
				PRODUCT_NAME = "$(TARGET_NAME)";
				SWIFT_OBJC_BRIDGING_HEADER = "iosAdMob-Bridging-Header.h";
				SWIFT_OPTIMIZATION_LEVEL = "-Onone";
				SWIFT_VERSION = 3.0;
			};
			name = Debug;
		};
		3F1B701C1DE7B844001FA759 /* Release */ = {
			isa = XCBuildConfiguration;
			baseConfigurationReference = C000029FF0A99C81422EF3F8 /* Pods-iosAdMob.release.xcconfig */;
			buildSettings = {
				ASSETCATALOG_COMPILER_APPICON_NAME = AppIcon;
				CLANG_ENABLE_MODULES = YES;
				CODE_SIGN_ENTITLEMENTS = iosAdMob/iosAdMob.entitlements;
				DEVELOPMENT_TEAM = M637AR755M;
				FRAMEWORK_SEARCH_PATHS = (
					"$(inherited)",
					"$(PROJECT_DIR)/VungleSDK.embeddedframework",
				);
				INFOPLIST_FILE = iosAdMob/Info.plist;
				LD_RUNPATH_SEARCH_PATHS = "$(inherited) @executable_path/Frameworks";
				LIBRARY_SEARCH_PATHS = (
					"$(inherited)",
					"$(PROJECT_DIR)/iosAdMob",
				);
				PRODUCT_BUNDLE_IDENTIFIER = com.romerock.modules.iosAdMob;
				PRODUCT_NAME = "$(TARGET_NAME)";
				SWIFT_OBJC_BRIDGING_HEADER = "iosAdMob-Bridging-Header.h";
				SWIFT_VERSION = 3.0;
			};
			name = Release;
		};
/* End XCBuildConfiguration section */

/* Begin XCConfigurationList section */
		3F1B70031DE7B843001FA759 /* Build configuration list for PBXProject "iosAdMob" */ = {
			isa = XCConfigurationList;
			buildConfigurations = (
				3F1B70181DE7B844001FA759 /* Debug */,
				3F1B70191DE7B844001FA759 /* Release */,
			);
			defaultConfigurationIsVisible = 0;
			defaultConfigurationName = Release;
		};
		3F1B701A1DE7B844001FA759 /* Build configuration list for PBXNativeTarget "iosAdMob" */ = {
			isa = XCConfigurationList;
			buildConfigurations = (
				3F1B701B1DE7B844001FA759 /* Debug */,
				3F1B701C1DE7B844001FA759 /* Release */,
			);
			defaultConfigurationIsVisible = 0;
			defaultConfigurationName = Release;
		};
/* End XCConfigurationList section */
	};
	rootObject = 3F1B70001DE7B843001FA759 /* Project object */;
}
